// !$*UTF8*$!
{
	archiveVersion = 1;
	classes = {
	};
	objectVersion = 46;
	objects = {

/* Begin PBXBuildFile section */
		F693A0251DE0430E00B1A293 /* FMDatabase.m in Sources */ = {isa = PBXBuildFile; fileRef = F693A01B1DE0430E00B1A293 /* FMDatabase.m */; };
		F693A0261DE0430E00B1A293 /* FMDatabaseAdditions.m in Sources */ = {isa = PBXBuildFile; fileRef = F693A01D1DE0430E00B1A293 /* FMDatabaseAdditions.m */; };
		F693A0271DE0430E00B1A293 /* FMDatabasePool.m in Sources */ = {isa = PBXBuildFile; fileRef = F693A01F1DE0430E00B1A293 /* FMDatabasePool.m */; };
		F693A0281DE0430E00B1A293 /* FMDatabaseQueue.m in Sources */ = {isa = PBXBuildFile; fileRef = F693A0211DE0430E00B1A293 /* FMDatabaseQueue.m */; };
		F693A0291DE0430E00B1A293 /* FMResultSet.m in Sources */ = {isa = PBXBuildFile; fileRef = F693A0241DE0430E00B1A293 /* FMResultSet.m */; };
		F693A02C1DE0436100B1A293 /* libsqlite3.tbd in Frameworks */ = {isa = PBXBuildFile; fileRef = F693A02B1DE0436100B1A293 /* libsqlite3.tbd */; };
		F693A02E1DE0442200B1A293 /* MoneyIOViewControl.swift in Sources */ = {isa = PBXBuildFile; fileRef = F693A02D1DE0442200B1A293 /* MoneyIOViewControl.swift */; };
		F6F95FD11DE557CA001E91EC /* DepositViewControl.swift in Sources */ = {isa = PBXBuildFile; fileRef = F6F95FD01DE557CA001E91EC /* DepositViewControl.swift */; };
		FF0A228E1DDB4A90009E4DA2 /* AppDelegate.swift in Sources */ = {isa = PBXBuildFile; fileRef = FF0A228D1DDB4A90009E4DA2 /* AppDelegate.swift */; };
		FF0A22901DDB4A90009E4DA2 /* MainViewController.swift in Sources */ = {isa = PBXBuildFile; fileRef = FF0A228F1DDB4A90009E4DA2 /* MainViewController.swift */; };
		FF0A22931DDB4A90009E4DA2 /* Main.storyboard in Resources */ = {isa = PBXBuildFile; fileRef = FF0A22911DDB4A90009E4DA2 /* Main.storyboard */; };
		FF0A22951DDB4A90009E4DA2 /* Assets.xcassets in Resources */ = {isa = PBXBuildFile; fileRef = FF0A22941DDB4A90009E4DA2 /* Assets.xcassets */; };
		FF0A22981DDB4A90009E4DA2 /* LaunchScreen.storyboard in Resources */ = {isa = PBXBuildFile; fileRef = FF0A22961DDB4A90009E4DA2 /* LaunchScreen.storyboard */; };
/* End PBXBuildFile section */

/* Begin PBXFileReference section */
		F693A0191DE0430D00B1A293 /* MoneyHo-Bridging-Header.h */ = {isa = PBXFileReference; lastKnownFileType = sourcecode.c.h; path = "MoneyHo-Bridging-Header.h"; sourceTree = "<group>"; };
		F693A01A1DE0430E00B1A293 /* FMDatabase.h */ = {isa = PBXFileReference; fileEncoding = 4; lastKnownFileType = sourcecode.c.h; path = FMDatabase.h; sourceTree = "<group>"; };
		F693A01B1DE0430E00B1A293 /* FMDatabase.m */ = {isa = PBXFileReference; fileEncoding = 4; lastKnownFileType = sourcecode.c.objc; path = FMDatabase.m; sourceTree = "<group>"; };
		F693A01C1DE0430E00B1A293 /* FMDatabaseAdditions.h */ = {isa = PBXFileReference; fileEncoding = 4; lastKnownFileType = sourcecode.c.h; path = FMDatabaseAdditions.h; sourceTree = "<group>"; };
		F693A01D1DE0430E00B1A293 /* FMDatabaseAdditions.m */ = {isa = PBXFileReference; fileEncoding = 4; lastKnownFileType = sourcecode.c.objc; path = FMDatabaseAdditions.m; sourceTree = "<group>"; };
		F693A01E1DE0430E00B1A293 /* FMDatabasePool.h */ = {isa = PBXFileReference; fileEncoding = 4; lastKnownFileType = sourcecode.c.h; path = FMDatabasePool.h; sourceTree = "<group>"; };
		F693A01F1DE0430E00B1A293 /* FMDatabasePool.m */ = {isa = PBXFileReference; fileEncoding = 4; lastKnownFileType = sourcecode.c.objc; path = FMDatabasePool.m; sourceTree = "<group>"; };
		F693A0201DE0430E00B1A293 /* FMDatabaseQueue.h */ = {isa = PBXFileReference; fileEncoding = 4; lastKnownFileType = sourcecode.c.h; path = FMDatabaseQueue.h; sourceTree = "<group>"; };
		F693A0211DE0430E00B1A293 /* FMDatabaseQueue.m */ = {isa = PBXFileReference; fileEncoding = 4; lastKnownFileType = sourcecode.c.objc; path = FMDatabaseQueue.m; sourceTree = "<group>"; };
		F693A0221DE0430E00B1A293 /* FMDB.h */ = {isa = PBXFileReference; fileEncoding = 4; lastKnownFileType = sourcecode.c.h; path = FMDB.h; sourceTree = "<group>"; };
		F693A0231DE0430E00B1A293 /* FMResultSet.h */ = {isa = PBXFileReference; fileEncoding = 4; lastKnownFileType = sourcecode.c.h; path = FMResultSet.h; sourceTree = "<group>"; };
		F693A0241DE0430E00B1A293 /* FMResultSet.m */ = {isa = PBXFileReference; fileEncoding = 4; lastKnownFileType = sourcecode.c.objc; path = FMResultSet.m; sourceTree = "<group>"; };
		F693A02B1DE0436100B1A293 /* libsqlite3.tbd */ = {isa = PBXFileReference; lastKnownFileType = "sourcecode.text-based-dylib-definition"; name = libsqlite3.tbd; path = usr/lib/libsqlite3.tbd; sourceTree = SDKROOT; };
		F693A02D1DE0442200B1A293 /* MoneyIOViewControl.swift */ = {isa = PBXFileReference; fileEncoding = 4; lastKnownFileType = sourcecode.swift; path = MoneyIOViewControl.swift; sourceTree = "<group>"; };
		F6F95FD01DE557CA001E91EC /* DepositViewControl.swift */ = {isa = PBXFileReference; fileEncoding = 4; lastKnownFileType = sourcecode.swift; path = DepositViewControl.swift; sourceTree = "<group>"; };
		FF0A228A1DDB4A90009E4DA2 /* MoneyHo.app */ = {isa = PBXFileReference; explicitFileType = wrapper.application; includeInIndex = 0; path = MoneyHo.app; sourceTree = BUILT_PRODUCTS_DIR; };
		FF0A228D1DDB4A90009E4DA2 /* AppDelegate.swift */ = {isa = PBXFileReference; lastKnownFileType = sourcecode.swift; path = AppDelegate.swift; sourceTree = "<group>"; };
		FF0A228F1DDB4A90009E4DA2 /* MainViewController.swift */ = {isa = PBXFileReference; lastKnownFileType = sourcecode.swift; path = MainViewController.swift; sourceTree = "<group>"; };
		FF0A22921DDB4A90009E4DA2 /* Base */ = {isa = PBXFileReference; lastKnownFileType = file.storyboard; name = Base; path = Base.lproj/Main.storyboard; sourceTree = "<group>"; };
		FF0A22941DDB4A90009E4DA2 /* Assets.xcassets */ = {isa = PBXFileReference; lastKnownFileType = folder.assetcatalog; path = Assets.xcassets; sourceTree = "<group>"; };
		FF0A22971DDB4A90009E4DA2 /* Base */ = {isa = PBXFileReference; lastKnownFileType = file.storyboard; name = Base; path = Base.lproj/LaunchScreen.storyboard; sourceTree = "<group>"; };
		FF0A22991DDB4A90009E4DA2 /* Info.plist */ = {isa = PBXFileReference; lastKnownFileType = text.plist.xml; path = Info.plist; sourceTree = "<group>"; };
/* End PBXFileReference section */

/* Begin PBXFrameworksBuildPhase section */
		FF0A22871DDB4A90009E4DA2 /* Frameworks */ = {
			isa = PBXFrameworksBuildPhase;
			buildActionMask = 2147483647;
			files = (
				F693A02C1DE0436100B1A293 /* libsqlite3.tbd in Frameworks */,
			);
			runOnlyForDeploymentPostprocessing = 0;
		};
/* End PBXFrameworksBuildPhase section */

/* Begin PBXGroup section */
		F693A02A1DE0436100B1A293 /* Frameworks */ = {
			isa = PBXGroup;
			children = (
				F693A02B1DE0436100B1A293 /* libsqlite3.tbd */,
			);
			name = Frameworks;
			sourceTree = "<group>";
		};
		FF0A22811DDB4A90009E4DA2 = {
			isa = PBXGroup;
			children = (
				F693A01A1DE0430E00B1A293 /* FMDatabase.h */,
				F693A01B1DE0430E00B1A293 /* FMDatabase.m */,
				F693A01C1DE0430E00B1A293 /* FMDatabaseAdditions.h */,
				F693A01D1DE0430E00B1A293 /* FMDatabaseAdditions.m */,
				F693A01E1DE0430E00B1A293 /* FMDatabasePool.h */,
				F693A01F1DE0430E00B1A293 /* FMDatabasePool.m */,
				F693A0201DE0430E00B1A293 /* FMDatabaseQueue.h */,
				F693A0211DE0430E00B1A293 /* FMDatabaseQueue.m */,
				F693A0221DE0430E00B1A293 /* FMDB.h */,
				F693A0231DE0430E00B1A293 /* FMResultSet.h */,
				F693A0241DE0430E00B1A293 /* FMResultSet.m */,
				F693A0191DE0430D00B1A293 /* MoneyHo-Bridging-Header.h */,
				FF0A228C1DDB4A90009E4DA2 /* MoneyHo */,
				FF0A228B1DDB4A90009E4DA2 /* Products */,
				F693A02A1DE0436100B1A293 /* Frameworks */,
			);
			sourceTree = "<group>";
		};
		FF0A228B1DDB4A90009E4DA2 /* Products */ = {
			isa = PBXGroup;
			children = (
				FF0A228A1DDB4A90009E4DA2 /* MoneyHo.app */,
			);
			name = Products;
			sourceTree = "<group>";
		};
		FF0A228C1DDB4A90009E4DA2 /* MoneyHo */ = {
			isa = PBXGroup;
			children = (
				FF429FC41DE1CB73003EB909 /* Main */,
				FF0A228D1DDB4A90009E4DA2 /* AppDelegate.swift */,
				F693A02D1DE0442200B1A293 /* MoneyIOViewControl.swift */,
				F6F95FD01DE557CA001E91EC /* DepositViewControl.swift */,
				FF0A22911DDB4A90009E4DA2 /* Main.storyboard */,
				FF0A22941DDB4A90009E4DA2 /* Assets.xcassets */,
				FF0A22961DDB4A90009E4DA2 /* LaunchScreen.storyboard */,
				FF0A22991DDB4A90009E4DA2 /* Info.plist */,
			);
			path = MoneyHo;
			sourceTree = "<group>";
		};
		FF429FC41DE1CB73003EB909 /* Main */ = {
			isa = PBXGroup;
			children = (
				FF0A228F1DDB4A90009E4DA2 /* MainViewController.swift */,
			);
			name = Main;
			sourceTree = "<group>";
		};
/* End PBXGroup section */

/* Begin PBXNativeTarget section */
		FF0A22891DDB4A90009E4DA2 /* MoneyHo */ = {
			isa = PBXNativeTarget;
			buildConfigurationList = FF0A229C1DDB4A90009E4DA2 /* Build configuration list for PBXNativeTarget "MoneyHo" */;
			buildPhases = (
				FF0A22861DDB4A90009E4DA2 /* Sources */,
				FF0A22871DDB4A90009E4DA2 /* Frameworks */,
				FF0A22881DDB4A90009E4DA2 /* Resources */,
			);
			buildRules = (
			);
			dependencies = (
			);
			name = MoneyHo;
			productName = MoneyHo;
			productReference = FF0A228A1DDB4A90009E4DA2 /* MoneyHo.app */;
			productType = "com.apple.product-type.application";
		};
/* End PBXNativeTarget section */

/* Begin PBXProject section */
		FF0A22821DDB4A90009E4DA2 /* Project object */ = {
			isa = PBXProject;
			attributes = {
				LastSwiftUpdateCheck = 0730;
				LastUpgradeCheck = 0730;
				ORGANIZATIONNAME = solsol;
				TargetAttributes = {
					FF0A22891DDB4A90009E4DA2 = {
						CreatedOnToolsVersion = 7.3;
						LastSwiftMigration = 0810;
					};
				};
			};
			buildConfigurationList = FF0A22851DDB4A90009E4DA2 /* Build configuration list for PBXProject "MoneyHo" */;
			compatibilityVersion = "Xcode 3.2";
			developmentRegion = English;
			hasScannedForEncodings = 0;
			knownRegions = (
				en,
				Base,
			);
			mainGroup = FF0A22811DDB4A90009E4DA2;
			productRefGroup = FF0A228B1DDB4A90009E4DA2 /* Products */;
			projectDirPath = "";
			projectRoot = "";
			targets = (
				FF0A22891DDB4A90009E4DA2 /* MoneyHo */,
			);
		};
/* End PBXProject section */

/* Begin PBXResourcesBuildPhase section */
		FF0A22881DDB4A90009E4DA2 /* Resources */ = {
			isa = PBXResourcesBuildPhase;
			buildActionMask = 2147483647;
			files = (
				FF0A22981DDB4A90009E4DA2 /* LaunchScreen.storyboard in Resources */,
				FF0A22951DDB4A90009E4DA2 /* Assets.xcassets in Resources */,
				FF0A22931DDB4A90009E4DA2 /* Main.storyboard in Resources */,
			);
			runOnlyForDeploymentPostprocessing = 0;
		};
/* End PBXResourcesBuildPhase section */

/* Begin PBXSourcesBuildPhase section */
		FF0A22861DDB4A90009E4DA2 /* Sources */ = {
			isa = PBXSourcesBuildPhase;
			buildActionMask = 2147483647;
			files = (
				F693A0251DE0430E00B1A293 /* FMDatabase.m in Sources */,
				FF0A22901DDB4A90009E4DA2 /* MainViewController.swift in Sources */,
				F693A0291DE0430E00B1A293 /* FMResultSet.m in Sources */,
				F693A0271DE0430E00B1A293 /* FMDatabasePool.m in Sources */,
				FF0A228E1DDB4A90009E4DA2 /* AppDelegate.swift in Sources */,
				F6F95FD11DE557CA001E91EC /* DepositViewControl.swift in Sources */,
				F693A0261DE0430E00B1A293 /* FMDatabaseAdditions.m in Sources */,
				F693A0281DE0430E00B1A293 /* FMDatabaseQueue.m in Sources */,
				F693A02E1DE0442200B1A293 /* MoneyIOViewControl.swift in Sources */,
			);
			runOnlyForDeploymentPostprocessing = 0;
		};
/* End PBXSourcesBuildPhase section */

/* Begin PBXVariantGroup section */
		FF0A22911DDB4A90009E4DA2 /* Main.storyboard */ = {
			isa = PBXVariantGroup;
			children = (
				FF0A22921DDB4A90009E4DA2 /* Base */,
			);
			name = Main.storyboard;
			sourceTree = "<group>";
		};
		FF0A22961DDB4A90009E4DA2 /* LaunchScreen.storyboard */ = {
			isa = PBXVariantGroup;
			children = (
				FF0A22971DDB4A90009E4DA2 /* Base */,
			);
			name = LaunchScreen.storyboard;
			sourceTree = "<group>";
		};
/* End PBXVariantGroup section */

/* Begin XCBuildConfiguration section */
		FF0A229A1DDB4A90009E4DA2 /* Debug */ = {
			isa = XCBuildConfiguration;
			buildSettings = {
				ALWAYS_SEARCH_USER_PATHS = NO;
				CLANG_ANALYZER_NONNULL = YES;
				CLANG_CXX_LANGUAGE_STANDARD = "gnu++0x";
				CLANG_CXX_LIBRARY = "libc++";
				CLANG_ENABLE_MODULES = YES;
				CLANG_ENABLE_OBJC_ARC = YES;
				CLANG_WARN_BOOL_CONVERSION = YES;
				CLANG_WARN_CONSTANT_CONVERSION = YES;
				CLANG_WARN_DIRECT_OBJC_ISA_USAGE = YES_ERROR;
				CLANG_WARN_EMPTY_BODY = YES;
				CLANG_WARN_ENUM_CONVERSION = YES;
				CLANG_WARN_INT_CONVERSION = YES;
				CLANG_WARN_OBJC_ROOT_CLASS = YES_ERROR;
				CLANG_WARN_UNREACHABLE_CODE = YES;
				CLANG_WARN__DUPLICATE_METHOD_MATCH = YES;
				"CODE_SIGN_IDENTITY[sdk=iphoneos*]" = "iPhone Developer";
				COPY_PHASE_STRIP = NO;
				DEBUG_INFORMATION_FORMAT = dwarf;
				ENABLE_STRICT_OBJC_MSGSEND = YES;
				ENABLE_TESTABILITY = YES;
				GCC_C_LANGUAGE_STANDARD = gnu99;
				GCC_DYNAMIC_NO_PIC = NO;
				GCC_NO_COMMON_BLOCKS = YES;
				GCC_OPTIMIZATION_LEVEL = 0;
				GCC_PREPROCESSOR_DEFINITIONS = (
					"DEBUG=1",
					"$(inherited)",
				);
				GCC_WARN_64_TO_32_BIT_CONVERSION = YES;
				GCC_WARN_ABOUT_RETURN_TYPE = YES_ERROR;
				GCC_WARN_UNDECLARED_SELECTOR = YES;
				GCC_WARN_UNINITIALIZED_AUTOS = YES_AGGRESSIVE;
				GCC_WARN_UNUSED_FUNCTION = YES;
				GCC_WARN_UNUSED_VARIABLE = YES;
				IPHONEOS_DEPLOYMENT_TARGET = 8.0;
				MTL_ENABLE_DEBUG_INFO = YES;
				ONLY_ACTIVE_ARCH = YES;
				SDKROOT = iphoneos;
				SWIFT_OPTIMIZATION_LEVEL = "-Onone";
			};
			name = Debug;
		};
		FF0A229B1DDB4A90009E4DA2 /* Release */ = {
			isa = XCBuildConfiguration;
			buildSettings = {
				ALWAYS_SEARCH_USER_PATHS = NO;
				CLANG_ANALYZER_NONNULL = YES;
				CLANG_CXX_LANGUAGE_STANDARD = "gnu++0x";
				CLANG_CXX_LIBRARY = "libc++";
				CLANG_ENABLE_MODULES = YES;
				CLANG_ENABLE_OBJC_ARC = YES;
				CLANG_WARN_BOOL_CONVERSION = YES;
				CLANG_WARN_CONSTANT_CONVERSION = YES;
				CLANG_WARN_DIRECT_OBJC_ISA_USAGE = YES_ERROR;
				CLANG_WARN_EMPTY_BODY = YES;
				CLANG_WARN_ENUM_CONVERSION = YES;
				CLANG_WARN_INT_CONVERSION = YES;
				CLANG_WARN_OBJC_ROOT_CLASS = YES_ERROR;
				CLANG_WARN_UNREACHABLE_CODE = YES;
				CLANG_WARN__DUPLICATE_METHOD_MATCH = YES;
				"CODE_SIGN_IDENTITY[sdk=iphoneos*]" = "iPhone Developer";
				COPY_PHASE_STRIP = NO;
				DEBUG_INFORMATION_FORMAT = "dwarf-with-dsym";
				ENABLE_NS_ASSERTIONS = NO;
				ENABLE_STRICT_OBJC_MSGSEND = YES;
				GCC_C_LANGUAGE_STANDARD = gnu99;
				GCC_NO_COMMON_BLOCKS = YES;
				GCC_WARN_64_TO_32_BIT_CONVERSION = YES;
				GCC_WARN_ABOUT_RETURN_TYPE = YES_ERROR;
				GCC_WARN_UNDECLARED_SELECTOR = YES;
				GCC_WARN_UNINITIALIZED_AUTOS = YES_AGGRESSIVE;
				GCC_WARN_UNUSED_FUNCTION = YES;
				GCC_WARN_UNUSED_VARIABLE = YES;
				IPHONEOS_DEPLOYMENT_TARGET = 8.0;
				MTL_ENABLE_DEBUG_INFO = NO;
				SDKROOT = iphoneos;
				VALIDATE_PRODUCT = YES;
			};
			name = Release;
		};
		FF0A229D1DDB4A90009E4DA2 /* Debug */ = {
			isa = XCBuildConfiguration;
			buildSettings = {
				ASSETCATALOG_COMPILER_APPICON_NAME = AppIcon;
				CLANG_ENABLE_MODULES = YES;
				INFOPLIST_FILE = MoneyHo/Info.plist;
				LD_RUNPATH_SEARCH_PATHS = "$(inherited) @executable_path/Frameworks";
				PRODUCT_BUNDLE_IDENTIFIER = com.thesixteenth.MoneyHo;
				PRODUCT_NAME = "$(TARGET_NAME)";
				SWIFT_OBJC_BRIDGING_HEADER = "MoneyHo-Bridging-Header.h";
				SWIFT_OPTIMIZATION_LEVEL = "-Onone";
				SWIFT_VERSION = 3.0;
			};
			name = Debug;
		};
		FF0A229E1DDB4A90009E4DA2 /* Release */ = {
			isa = XCBuildConfiguration;
			buildSettings = {
				ASSETCATALOG_COMPILER_APPICON_NAME = AppIcon;
				CLANG_ENABLE_MODULES = YES;
				INFOPLIST_FILE = MoneyHo/Info.plist;
				LD_RUNPATH_SEARCH_PATHS = "$(inherited) @executable_path/Frameworks";
				PRODUCT_BUNDLE_IDENTIFIER = com.thesixteenth.MoneyHo;
				PRODUCT_NAME = "$(TARGET_NAME)";
				SWIFT_OBJC_BRIDGING_HEADER = "MoneyHo-Bridging-Header.h";
				SWIFT_VERSION = 3.0;
			};
			name = Release;
		};
/* End XCBuildConfiguration section */

/* Begin XCConfigurationList section */
		FF0A22851DDB4A90009E4DA2 /* Build configuration list for PBXProject "MoneyHo" */ = {
			isa = XCConfigurationList;
			buildConfigurations = (
				FF0A229A1DDB4A90009E4DA2 /* Debug */,
				FF0A229B1DDB4A90009E4DA2 /* Release */,
			);
			defaultConfigurationIsVisible = 0;
			defaultConfigurationName = Release;
		};
		FF0A229C1DDB4A90009E4DA2 /* Build configuration list for PBXNativeTarget "MoneyHo" */ = {
			isa = XCConfigurationList;
			buildConfigurations = (
				FF0A229D1DDB4A90009E4DA2 /* Debug */,
				FF0A229E1DDB4A90009E4DA2 /* Release */,
			);
			defaultConfigurationIsVisible = 0;
			defaultConfigurationName = Release;
		};
/* End XCConfigurationList section */
	};
	rootObject = FF0A22821DDB4A90009E4DA2 /* Project object */;
}
